
Microsoft Visual Studio Solution File, Format Version 12.00
# Visual Studio Version 17
VisualStudioVersion = 17.8.34322.80
MinimumVisualStudioVersion = 10.0.40219.1
Project("{FAE04EC0-301F-11D3-BF4B-00C04F79EFBC}") = "AdventOfCode", "AdventOfCode\AdventOfCode.csproj", "{5D343D58-52C8-4BF9-AC13-16D6E4C7D631}"
EndProject
Global
	GlobalSection(SolutionConfigurationPlatforms) = preSolution
		Debug|Any CPU = Debug|Any CPU
		Release|Any CPU = Release|Any CPU
	EndGlobalSection
	GlobalSection(ProjectConfigurationPlatforms) = postSolution
		{5D343D58-52C8-4BF9-AC13-16D6E4C7D631}.Debug|Any CPU.ActiveCfg = Debug|Any CPU
		{5D343D58-52C8-4BF9-AC13-16D6E4C7D631}.Debug|Any CPU.Build.0 = Debug|Any CPU
		{5D343D58-52C8-4BF9-AC13-16D6E4C7D631}.Release|Any CPU.ActiveCfg = Release|Any CPU
		{5D343D58-52C8-4BF9-AC13-16D6E4C7D631}.Release|Any CPU.Build.0 = Release|Any CPU
	EndGlobalSection
	GlobalSection(SolutionProperties) = preSolution
		HideSolutionNode = FALSE
	EndGlobalSection
	GlobalSection(ExtensibilityGlobals) = postSolution
		SolutionGuid = {11A4D137-8943-4425-B3D8-B81FFA689D83}
	EndGlobalSection
EndGlobal
